
Microsoft Visual Studio Solution File, Format Version 12.00
# Visual Studio Version 17
VisualStudioVersion = 17.3.32929.385
MinimumVisualStudioVersion = 10.0.40219.1
Project("{8BC9CEB8-8B4A-11D0-8D11-00A0C91BC942}") = "practise3", "practise3\practise3.vcxproj", "{D16E6801-9215-4068-B320-E5F01C211159}"
EndProject
Global
	GlobalSection(SolutionConfigurationPlatforms) = preSolution
		Debug|x64 = Debug|x64
		Debug|x86 = Debug|x86
		Release|x64 = Release|x64
		Release|x86 = Release|x86
	EndGlobalSection
	GlobalSection(ProjectConfigurationPlatforms) = postSolution
		{D16E6801-9215-4068-B320-E5F01C211159}.Debug|x64.ActiveCfg = Debug|x64
		{D16E6801-9215-4068-B320-E5F01C211159}.Debug|x64.Build.0 = Debug|x64
		{D16E6801-9215-4068-B320-E5F01C211159}.Debug|x86.ActiveCfg = Debug|Win32
		{D16E6801-9215-4068-B320-E5F01C211159}.Debug|x86.Build.0 = Debug|Win32
		{D16E6801-9215-4068-B320-E5F01C211159}.Release|x64.ActiveCfg = Release|x64
		{D16E6801-9215-4068-B320-E5F01C211159}.Release|x64.Build.0 = Release|x64
		{D16E6801-9215-4068-B320-E5F01C211159}.Release|x86.ActiveCfg = Release|Win32
		{D16E6801-9215-4068-B320-E5F01C211159}.Release|x86.Build.0 = Release|Win32
	EndGlobalSection
	GlobalSection(SolutionProperties) = preSolution
		HideSolutionNode = FALSE
	EndGlobalSection
	GlobalSection(ExtensibilityGlobals) = postSolution
		SolutionGuid = {44A1C7A0-794A-462C-8C82-12C056394EAC}
	EndGlobalSection
EndGlobal
